
Microsoft Visual Studio Solution File, Format Version 12.00
# Visual Studio Version 16
VisualStudioVersion = 16.0.29920.165
MinimumVisualStudioVersion = 10.0.40219.1
Project("{FAE04EC0-301F-11D3-BF4B-00C04F79EFBC}") = "AppEats.Android", "AppEats\AppEats.Android\AppEats.Android.csproj", "{2CDE6FF1-A17B-42A9-BE56-62C00FE17377}"
EndProject
Project("{FAE04EC0-301F-11D3-BF4B-00C04F79EFBC}") = "AppEats.iOS", "AppEats\AppEats.iOS\AppEats.iOS.csproj", "{B228D073-9307-401C-B718-E1847EA39B83}"
EndProject
Project("{FAE04EC0-301F-11D3-BF4B-00C04F79EFBC}") = "AppEats", "AppEats\AppEats\AppEats.csproj", "{8FF2CAE2-E4B6-479D-86CF-AFDF8214E9A2}"
EndProject
Global
	GlobalSection(SolutionConfigurationPlatforms) = preSolution
		Debug|Any CPU = Debug|Any CPU
		Debug|iPhone = Debug|iPhone
		Debug|iPhoneSimulator = Debug|iPhoneSimulator
		Release|Any CPU = Release|Any CPU
		Release|iPhone = Release|iPhone
		Release|iPhoneSimulator = Release|iPhoneSimulator
	EndGlobalSection
	GlobalSection(ProjectConfigurationPlatforms) = postSolution
		{2CDE6FF1-A17B-42A9-BE56-62C00FE17377}.Debug|Any CPU.ActiveCfg = Debug|Any CPU
		{2CDE6FF1-A17B-42A9-BE56-62C00FE17377}.Debug|Any CPU.Build.0 = Debug|Any CPU
		{2CDE6FF1-A17B-42A9-BE56-62C00FE17377}.Debug|Any CPU.Deploy.0 = Debug|Any CPU
		{2CDE6FF1-A17B-42A9-BE56-62C00FE17377}.Debug|iPhone.ActiveCfg = Debug|Any CPU
		{2CDE6FF1-A17B-42A9-BE56-62C00FE17377}.Debug|iPhone.Build.0 = Debug|Any CPU
		{2CDE6FF1-A17B-42A9-BE56-62C00FE17377}.Debug|iPhone.Deploy.0 = Debug|Any CPU
		{2CDE6FF1-A17B-42A9-BE56-62C00FE17377}.Debug|iPhoneSimulator.ActiveCfg = Debug|Any CPU
		{2CDE6FF1-A17B-42A9-BE56-62C00FE17377}.Debug|iPhoneSimulator.Build.0 = Debug|Any CPU
		{2CDE6FF1-A17B-42A9-BE56-62C00FE17377}.Debug|iPhoneSimulator.Deploy.0 = Debug|Any CPU
		{2CDE6FF1-A17B-42A9-BE56-62C00FE17377}.Release|Any CPU.ActiveCfg = Release|Any CPU
		{2CDE6FF1-A17B-42A9-BE56-62C00FE17377}.Release|Any CPU.Build.0 = Release|Any CPU
		{2CDE6FF1-A17B-42A9-BE56-62C00FE17377}.Release|Any CPU.Deploy.0 = Release|Any CPU
		{2CDE6FF1-A17B-42A9-BE56-62C00FE17377}.Release|iPhone.ActiveCfg = Release|Any CPU
		{2CDE6FF1-A17B-42A9-BE56-62C00FE17377}.Release|iPhone.Build.0 = Release|Any CPU
		{2CDE6FF1-A17B-42A9-BE56-62C00FE17377}.Release|iPhone.Deploy.0 = Release|Any CPU
		{2CDE6FF1-A17B-42A9-BE56-62C00FE17377}.Release|iPhoneSimulator.ActiveCfg = Release|Any CPU
		{2CDE6FF1-A17B-42A9-BE56-62C00FE17377}.Release|iPhoneSimulator.Build.0 = Release|Any CPU
		{2CDE6FF1-A17B-42A9-BE56-62C00FE17377}.Release|iPhoneSimulator.Deploy.0 = Release|Any CPU
		{B228D073-9307-401C-B718-E1847EA39B83}.Debug|Any CPU.ActiveCfg = Debug|iPhone
		{B228D073-9307-401C-B718-E1847EA39B83}.Debug|Any CPU.Build.0 = Debug|iPhone
		{B228D073-9307-401C-B718-E1847EA39B83}.Debug|Any CPU.Deploy.0 = Debug|iPhone
		{B228D073-9307-401C-B718-E1847EA39B83}.Debug|iPhone.ActiveCfg = Debug|iPhone
		{B228D073-9307-401C-B718-E1847EA39B83}.Debug|iPhone.Build.0 = Debug|iPhone
		{B228D073-9307-401C-B718-E1847EA39B83}.Debug|iPhone.Deploy.0 = Debug|iPhone
		{B228D073-9307-401C-B718-E1847EA39B83}.Debug|iPhoneSimulator.ActiveCfg = Debug|iPhoneSimulator
		{B228D073-9307-401C-B718-E1847EA39B83}.Debug|iPhoneSimulator.Build.0 = Debug|iPhoneSimulator
		{B228D073-9307-401C-B718-E1847EA39B83}.Debug|iPhoneSimulator.Deploy.0 = Debug|iPhoneSimulator
		{B228D073-9307-401C-B718-E1847EA39B83}.Release|Any CPU.ActiveCfg = Release|iPhone
		{B228D073-9307-401C-B718-E1847EA39B83}.Release|Any CPU.Build.0 = Release|iPhone
		{B228D073-9307-401C-B718-E1847EA39B83}.Release|Any CPU.Deploy.0 = Release|iPhone
		{B228D073-9307-401C-B718-E1847EA39B83}.Release|iPhone.ActiveCfg = Release|iPhone
		{B228D073-9307-401C-B718-E1847EA39B83}.Release|iPhone.Build.0 = Release|iPhone
		{B228D073-9307-401C-B718-E1847EA39B83}.Release|iPhone.Deploy.0 = Release|iPhone
		{B228D073-9307-401C-B718-E1847EA39B83}.Release|iPhoneSimulator.ActiveCfg = Release|iPhoneSimulator
		{B228D073-9307-401C-B718-E1847EA39B83}.Release|iPhoneSimulator.Build.0 = Release|iPhoneSimulator
		{B228D073-9307-401C-B718-E1847EA39B83}.Release|iPhoneSimulator.Deploy.0 = Release|iPhoneSimulator
		{8FF2CAE2-E4B6-479D-86CF-AFDF8214E9A2}.Debug|Any CPU.ActiveCfg = Debug|Any CPU
		{8FF2CAE2-E4B6-479D-86CF-AFDF8214E9A2}.Debug|Any CPU.Build.0 = Debug|Any CPU
		{8FF2CAE2-E4B6-479D-86CF-AFDF8214E9A2}.Debug|Any CPU.Deploy.0 = Debug|Any CPU
		{8FF2CAE2-E4B6-479D-86CF-AFDF8214E9A2}.Debug|iPhone.ActiveCfg = Debug|Any CPU
		{8FF2CAE2-E4B6-479D-86CF-AFDF8214E9A2}.Debug|iPhone.Build.0 = Debug|Any CPU
		{8FF2CAE2-E4B6-479D-86CF-AFDF8214E9A2}.Debug|iPhone.Deploy.0 = Debug|Any CPU
		{8FF2CAE2-E4B6-479D-86CF-AFDF8214E9A2}.Debug|iPhoneSimulator.ActiveCfg = Debug|Any CPU
		{8FF2CAE2-E4B6-479D-86CF-AFDF8214E9A2}.Debug|iPhoneSimulator.Build.0 = Debug|Any CPU
		{8FF2CAE2-E4B6-479D-86CF-AFDF8214E9A2}.Debug|iPhoneSimulator.Deploy.0 = Debug|Any CPU
		{8FF2CAE2-E4B6-479D-86CF-AFDF8214E9A2}.Release|Any CPU.ActiveCfg = Release|Any CPU
		{8FF2CAE2-E4B6-479D-86CF-AFDF8214E9A2}.Release|Any CPU.Build.0 = Release|Any CPU
		{8FF2CAE2-E4B6-479D-86CF-AFDF8214E9A2}.Release|Any CPU.Deploy.0 = Release|Any CPU
		{8FF2CAE2-E4B6-479D-86CF-AFDF8214E9A2}.Release|iPhone.ActiveCfg = Release|Any CPU
		{8FF2CAE2-E4B6-479D-86CF-AFDF8214E9A2}.Release|iPhone.Build.0 = Release|Any CPU
		{8FF2CAE2-E4B6-479D-86CF-AFDF8214E9A2}.Release|iPhone.Deploy.0 = Release|Any CPU
		{8FF2CAE2-E4B6-479D-86CF-AFDF8214E9A2}.Release|iPhoneSimulator.ActiveCfg = Release|Any CPU
		{8FF2CAE2-E4B6-479D-86CF-AFDF8214E9A2}.Release|iPhoneSimulator.Build.0 = Release|Any CPU
		{8FF2CAE2-E4B6-479D-86CF-AFDF8214E9A2}.Release|iPhoneSimulator.Deploy.0 = Release|Any CPU
	EndGlobalSection
	GlobalSection(SolutionProperties) = preSolution
		HideSolutionNode = FALSE
	EndGlobalSection
	GlobalSection(ExtensibilityGlobals) = postSolution
		SolutionGuid = {1A5FC72B-AC5E-40FD-B90E-E7A59E37586D}
	EndGlobalSection
EndGlobal
